
Microsoft Visual Studio Solution File, Format Version 12.00
# Visual Studio Version 16
VisualStudioVersion = 16.0.30621.155
MinimumVisualStudioVersion = 10.0.40219.1
Project("{9A19103F-16F7-4668-BE54-9A1E7A4F7556}") = "Parking Lot", "Parking Lot\Parking Lot.csproj", "{D09DEF58-6203-42A0-88FB-EA43EA2A3A8F}"
EndProject
Project("{9A19103F-16F7-4668-BE54-9A1E7A4F7556}") = "Unit Testovi", "Unit Testovi\Unit Testovi.csproj", "{55B27A40-619F-4C91-B323-FEE531438DB0}"
EndProject
Global
	GlobalSection(SolutionConfigurationPlatforms) = preSolution
		Debug|Any CPU = Debug|Any CPU
		Release|Any CPU = Release|Any CPU
	EndGlobalSection
	GlobalSection(ProjectConfigurationPlatforms) = postSolution
		{D09DEF58-6203-42A0-88FB-EA43EA2A3A8F}.Debug|Any CPU.ActiveCfg = Debug|Any CPU
		{D09DEF58-6203-42A0-88FB-EA43EA2A3A8F}.Debug|Any CPU.Build.0 = Debug|Any CPU
		{D09DEF58-6203-42A0-88FB-EA43EA2A3A8F}.Release|Any CPU.ActiveCfg = Release|Any CPU
		{D09DEF58-6203-42A0-88FB-EA43EA2A3A8F}.Release|Any CPU.Build.0 = Release|Any CPU
		{55B27A40-619F-4C91-B323-FEE531438DB0}.Debug|Any CPU.ActiveCfg = Debug|Any CPU
		{55B27A40-619F-4C91-B323-FEE531438DB0}.Debug|Any CPU.Build.0 = Debug|Any CPU
		{55B27A40-619F-4C91-B323-FEE531438DB0}.Release|Any CPU.ActiveCfg = Release|Any CPU
		{55B27A40-619F-4C91-B323-FEE531438DB0}.Release|Any CPU.Build.0 = Release|Any CPU
	EndGlobalSection
	GlobalSection(SolutionProperties) = preSolution
		HideSolutionNode = FALSE
	EndGlobalSection
	GlobalSection(ExtensibilityGlobals) = postSolution
		SolutionGuid = {331A3088-B701-4D23-AD7D-CEB31D3C81DD}
	EndGlobalSection
EndGlobal
